
Microsoft Visual Studio Solution File, Format Version 12.00
# Visual Studio Version 17
VisualStudioVersion = 17.11.35303.130
MinimumVisualStudioVersion = 10.0.40219.1
Project("{888888A0-9F3D-457C-B088-3A5042F75D52}") = "WebFlask", "WebFlask\WebFlask.pyproj", "{E14B039B-20B6-4CF5-A16D-35CB73FCBE2B}"
EndProject
Global
	GlobalSection(SolutionConfigurationPlatforms) = preSolution
		Debug|Any CPU = Debug|Any CPU
		Release|Any CPU = Release|Any CPU
	EndGlobalSection
	GlobalSection(ProjectConfigurationPlatforms) = postSolution
		{E14B039B-20B6-4CF5-A16D-35CB73FCBE2B}.Debug|Any CPU.ActiveCfg = Debug|Any CPU
		{E14B039B-20B6-4CF5-A16D-35CB73FCBE2B}.Debug|Any CPU.Build.0 = Debug|Any CPU
		{E14B039B-20B6-4CF5-A16D-35CB73FCBE2B}.Release|Any CPU.ActiveCfg = Release|Any CPU
		{E14B039B-20B6-4CF5-A16D-35CB73FCBE2B}.Release|Any CPU.Build.0 = Release|Any CPU
	EndGlobalSection
	GlobalSection(SolutionProperties) = preSolution
		HideSolutionNode = FALSE
	EndGlobalSection
	GlobalSection(ExtensibilityGlobals) = postSolution
		SolutionGuid = {1D393C8C-8264-4EF2-A629-5587C8373261}
	EndGlobalSection
EndGlobal
